
Microsoft Visual Studio Solution File, Format Version 12.00
# Visual Studio 15
VisualStudioVersion = 15.0.27130.2020
MinimumVisualStudioVersion = 10.0.40219.1
Project("{FAE04EC0-301F-11D3-BF4B-00C04F79EFBC}") = "GSA", "GSA\GSA.csproj", "{2C8D2C46-972B-45E7-AA47-2C8D01AD0A77}"
EndProject
Project("{FAE04EC0-301F-11D3-BF4B-00C04F79EFBC}") = "GSA.IntegrationTests", "GSA.IntegrationTests\GSA.IntegrationTests.csproj", "{6E48993F-0E31-4BF5-83CF-4906DF3EF20B}"
EndProject
Global
	GlobalSection(SolutionConfigurationPlatforms) = preSolution
		Debug|Any CPU = Debug|Any CPU
		Release|Any CPU = Release|Any CPU
	EndGlobalSection
	GlobalSection(ProjectConfigurationPlatforms) = postSolution
		{2C8D2C46-972B-45E7-AA47-2C8D01AD0A77}.Debug|Any CPU.ActiveCfg = Debug|Any CPU
		{2C8D2C46-972B-45E7-AA47-2C8D01AD0A77}.Debug|Any CPU.Build.0 = Debug|Any CPU
		{2C8D2C46-972B-45E7-AA47-2C8D01AD0A77}.Release|Any CPU.ActiveCfg = Release|Any CPU
		{2C8D2C46-972B-45E7-AA47-2C8D01AD0A77}.Release|Any CPU.Build.0 = Release|Any CPU
		{6E48993F-0E31-4BF5-83CF-4906DF3EF20B}.Debug|Any CPU.ActiveCfg = Debug|Any CPU
		{6E48993F-0E31-4BF5-83CF-4906DF3EF20B}.Debug|Any CPU.Build.0 = Debug|Any CPU
		{6E48993F-0E31-4BF5-83CF-4906DF3EF20B}.Release|Any CPU.ActiveCfg = Release|Any CPU
		{6E48993F-0E31-4BF5-83CF-4906DF3EF20B}.Release|Any CPU.Build.0 = Release|Any CPU
	EndGlobalSection
	GlobalSection(SolutionProperties) = preSolution
		HideSolutionNode = FALSE
	EndGlobalSection
	GlobalSection(ExtensibilityGlobals) = postSolution
		SolutionGuid = {D3CEEA26-D1C3-4C98-8ABA-75B682DB3A6E}
	EndGlobalSection
EndGlobal
